
Microsoft Visual Studio Solution File, Format Version 12.00
# Visual Studio Version 17
VisualStudioVersion = 17.0.32014.148
MinimumVisualStudioVersion = 10.0.40219.1
Project("{FAE04EC0-301F-11D3-BF4B-00C04F79EFBC}") = "TestApp", "TestApp\TestApp.csproj", "{69B889A3-5E04-4EA0-96A5-48E8BF70DD56}"
EndProject
Global
	GlobalSection(SolutionConfigurationPlatforms) = preSolution
		Debug|Any CPU = Debug|Any CPU
		Release|Any CPU = Release|Any CPU
	EndGlobalSection
	GlobalSection(ProjectConfigurationPlatforms) = postSolution
		{69B889A3-5E04-4EA0-96A5-48E8BF70DD56}.Debug|Any CPU.ActiveCfg = Debug|Any CPU
		{69B889A3-5E04-4EA0-96A5-48E8BF70DD56}.Debug|Any CPU.Build.0 = Debug|Any CPU
		{69B889A3-5E04-4EA0-96A5-48E8BF70DD56}.Release|Any CPU.ActiveCfg = Release|Any CPU
		{69B889A3-5E04-4EA0-96A5-48E8BF70DD56}.Release|Any CPU.Build.0 = Release|Any CPU
	EndGlobalSection
	GlobalSection(SolutionProperties) = preSolution
		HideSolutionNode = FALSE
	EndGlobalSection
	GlobalSection(ExtensibilityGlobals) = postSolution
		SolutionGuid = {CAED843A-0DD3-4D41-B04D-D7925C357D46}
	EndGlobalSection
EndGlobal
